# This file was autogenerated by Stack.
# You should not edit this file by hand.
# For more information, please see the documentation at:
#   https://docs.haskellstack.org/en/stable/lock_files

packages: []
snapshots:
- completed:
    size: 402630
    url: https://raw.githubusercontent.com/commercialhaskell/stackage-snapshots/master/nightly/2018/11/11.yaml
    sha256: 3154bb2c52e7814b2f2c7a5735a4794fc7b93bad2b5c78abbd7c3781a54131ae
  original: nightly-2018-11-11
