# This file was autogenerated by Stack.
# You should not edit this file by hand.
# For more information, please see the documentation at:
#   https://docs.haskellstack.org/en/stable/lock_files

packages: []
snapshots:
- completed:
    size: 528870
    url: https://raw.githubusercontent.com/commercialhaskell/stackage-snapshots/master/nightly/2020/5/19.yaml
    sha256: 2c411dc84bcc81846d6e96344975219b855a3099207813c8840a03aa6946e818
  original: nightly-2020-05-19
